
Microsoft Visual Studio Solution File, Format Version 12.00
# Visual Studio Version 16
VisualStudioVersion = 16.0.29905.134
MinimumVisualStudioVersion = 10.0.40219.1
Project("{FAE04EC0-301F-11D3-BF4B-00C04F79EFBC}") = "Decorator", "Decorator\Decorator.csproj", "{C28D7E65-74E6-4AAF-B8BC-C8A2C9CC3264}"
EndProject
Project("{FAE04EC0-301F-11D3-BF4B-00C04F79EFBC}") = "DecoratorTestApp", "DecoratorTestApp\DecoratorTestApp.csproj", "{235CC838-1ACD-4088-9DAA-4C3D5DF99306}"
EndProject
Global
	GlobalSection(SolutionConfigurationPlatforms) = preSolution
		Debug|Any CPU = Debug|Any CPU
		Release|Any CPU = Release|Any CPU
	EndGlobalSection
	GlobalSection(ProjectConfigurationPlatforms) = postSolution
		{C28D7E65-74E6-4AAF-B8BC-C8A2C9CC3264}.Debug|Any CPU.ActiveCfg = Debug|Any CPU
		{C28D7E65-74E6-4AAF-B8BC-C8A2C9CC3264}.Debug|Any CPU.Build.0 = Debug|Any CPU
		{C28D7E65-74E6-4AAF-B8BC-C8A2C9CC3264}.Release|Any CPU.ActiveCfg = Release|Any CPU
		{C28D7E65-74E6-4AAF-B8BC-C8A2C9CC3264}.Release|Any CPU.Build.0 = Release|Any CPU
		{235CC838-1ACD-4088-9DAA-4C3D5DF99306}.Debug|Any CPU.ActiveCfg = Debug|Any CPU
		{235CC838-1ACD-4088-9DAA-4C3D5DF99306}.Debug|Any CPU.Build.0 = Debug|Any CPU
		{235CC838-1ACD-4088-9DAA-4C3D5DF99306}.Release|Any CPU.ActiveCfg = Release|Any CPU
		{235CC838-1ACD-4088-9DAA-4C3D5DF99306}.Release|Any CPU.Build.0 = Release|Any CPU
	EndGlobalSection
	GlobalSection(SolutionProperties) = preSolution
		HideSolutionNode = FALSE
	EndGlobalSection
	GlobalSection(ExtensibilityGlobals) = postSolution
		SolutionGuid = {BF9B10F5-8E3D-4825-82CD-E9D778943935}
	EndGlobalSection
EndGlobal
