
Microsoft Visual Studio Solution File, Format Version 12.00
# Visual Studio Version 16
VisualStudioVersion = 16.0.29905.134
MinimumVisualStudioVersion = 10.0.40219.1
Project("{9A19103F-16F7-4668-BE54-9A1E7A4F7556}") = "Decorator", "Decorator\Decorator.csproj", "{C28D7E65-74E6-4AAF-B8BC-C8A2C9CC3264}"
EndProject
Project("{9A19103F-16F7-4668-BE54-9A1E7A4F7556}") = "DecoratorTestApp", "DecoratorTestApp\DecoratorTestApp.csproj", "{235CC838-1ACD-4088-9DAA-4C3D5DF99306}"
EndProject
Project("{9A19103F-16F7-4668-BE54-9A1E7A4F7556}") = "Factory", "Factory\Factory.csproj", "{2A206763-CC08-4A75-84AC-85F4EAD9F4FC}"
EndProject
Project("{9A19103F-16F7-4668-BE54-9A1E7A4F7556}") = "testDriveFabric", "testDriveFabric\testDriveFabric.csproj", "{C5673C77-5F3C-40D8-A391-AC04BF49B1A7}"
EndProject
Project("{9A19103F-16F7-4668-BE54-9A1E7A4F7556}") = "SingletonPattern", "SingletonPattern\SingletonPattern.csproj", "{E4CB59F9-8136-4114-BE0B-012C0C0C7D83}"
EndProject
Project("{9A19103F-16F7-4668-BE54-9A1E7A4F7556}") = "CommandPattern", "CommandPattern\CommandPattern.csproj", "{D20462A0-8CAD-4B98-9F37-A1B14A6FA5C6}"
EndProject
Project("{9A19103F-16F7-4668-BE54-9A1E7A4F7556}") = "CommandPatternTest", "CommandPatternTest\CommandPatternTest.csproj", "{810A57B5-6F50-4404-8622-6B6578AC3E8B}"
EndProject
Project("{FAE04EC0-301F-11D3-BF4B-00C04F79EFBC}") = "TemplateMethodPattern", "TemplateMethodPattern\TemplateMethodPattern.csproj", "{BCA2BD07-EEED-4D13-ABED-5F2DC18D2B4A}"
EndProject
Project("{FAE04EC0-301F-11D3-BF4B-00C04F79EFBC}") = "TemplateMethodTestDrive", "TemplateMethodTestDrive\TemplateMethodTestDrive.csproj", "{F15748E6-C4D4-4AF9-B2AB-2838B1167115}"
EndProject
Global
	GlobalSection(SolutionConfigurationPlatforms) = preSolution
		Debug|Any CPU = Debug|Any CPU
		Release|Any CPU = Release|Any CPU
	EndGlobalSection
	GlobalSection(ProjectConfigurationPlatforms) = postSolution
		{C28D7E65-74E6-4AAF-B8BC-C8A2C9CC3264}.Debug|Any CPU.ActiveCfg = Debug|Any CPU
		{C28D7E65-74E6-4AAF-B8BC-C8A2C9CC3264}.Debug|Any CPU.Build.0 = Debug|Any CPU
		{C28D7E65-74E6-4AAF-B8BC-C8A2C9CC3264}.Release|Any CPU.ActiveCfg = Release|Any CPU
		{C28D7E65-74E6-4AAF-B8BC-C8A2C9CC3264}.Release|Any CPU.Build.0 = Release|Any CPU
		{235CC838-1ACD-4088-9DAA-4C3D5DF99306}.Debug|Any CPU.ActiveCfg = Debug|Any CPU
		{235CC838-1ACD-4088-9DAA-4C3D5DF99306}.Debug|Any CPU.Build.0 = Debug|Any CPU
		{235CC838-1ACD-4088-9DAA-4C3D5DF99306}.Release|Any CPU.ActiveCfg = Release|Any CPU
		{235CC838-1ACD-4088-9DAA-4C3D5DF99306}.Release|Any CPU.Build.0 = Release|Any CPU
		{2A206763-CC08-4A75-84AC-85F4EAD9F4FC}.Debug|Any CPU.ActiveCfg = Debug|Any CPU
		{2A206763-CC08-4A75-84AC-85F4EAD9F4FC}.Debug|Any CPU.Build.0 = Debug|Any CPU
		{2A206763-CC08-4A75-84AC-85F4EAD9F4FC}.Release|Any CPU.ActiveCfg = Release|Any CPU
		{2A206763-CC08-4A75-84AC-85F4EAD9F4FC}.Release|Any CPU.Build.0 = Release|Any CPU
		{C5673C77-5F3C-40D8-A391-AC04BF49B1A7}.Debug|Any CPU.ActiveCfg = Debug|Any CPU
		{C5673C77-5F3C-40D8-A391-AC04BF49B1A7}.Debug|Any CPU.Build.0 = Debug|Any CPU
		{C5673C77-5F3C-40D8-A391-AC04BF49B1A7}.Release|Any CPU.ActiveCfg = Release|Any CPU
		{C5673C77-5F3C-40D8-A391-AC04BF49B1A7}.Release|Any CPU.Build.0 = Release|Any CPU
		{E4CB59F9-8136-4114-BE0B-012C0C0C7D83}.Debug|Any CPU.ActiveCfg = Debug|Any CPU
		{E4CB59F9-8136-4114-BE0B-012C0C0C7D83}.Debug|Any CPU.Build.0 = Debug|Any CPU
		{E4CB59F9-8136-4114-BE0B-012C0C0C7D83}.Release|Any CPU.ActiveCfg = Release|Any CPU
		{E4CB59F9-8136-4114-BE0B-012C0C0C7D83}.Release|Any CPU.Build.0 = Release|Any CPU
		{D20462A0-8CAD-4B98-9F37-A1B14A6FA5C6}.Debug|Any CPU.ActiveCfg = Debug|Any CPU
		{D20462A0-8CAD-4B98-9F37-A1B14A6FA5C6}.Debug|Any CPU.Build.0 = Debug|Any CPU
		{D20462A0-8CAD-4B98-9F37-A1B14A6FA5C6}.Release|Any CPU.ActiveCfg = Release|Any CPU
		{D20462A0-8CAD-4B98-9F37-A1B14A6FA5C6}.Release|Any CPU.Build.0 = Release|Any CPU
		{810A57B5-6F50-4404-8622-6B6578AC3E8B}.Debug|Any CPU.ActiveCfg = Debug|Any CPU
		{810A57B5-6F50-4404-8622-6B6578AC3E8B}.Debug|Any CPU.Build.0 = Debug|Any CPU
		{810A57B5-6F50-4404-8622-6B6578AC3E8B}.Release|Any CPU.ActiveCfg = Release|Any CPU
		{810A57B5-6F50-4404-8622-6B6578AC3E8B}.Release|Any CPU.Build.0 = Release|Any CPU
		{BCA2BD07-EEED-4D13-ABED-5F2DC18D2B4A}.Debug|Any CPU.ActiveCfg = Debug|Any CPU
		{BCA2BD07-EEED-4D13-ABED-5F2DC18D2B4A}.Debug|Any CPU.Build.0 = Debug|Any CPU
		{BCA2BD07-EEED-4D13-ABED-5F2DC18D2B4A}.Release|Any CPU.ActiveCfg = Release|Any CPU
		{BCA2BD07-EEED-4D13-ABED-5F2DC18D2B4A}.Release|Any CPU.Build.0 = Release|Any CPU
		{F15748E6-C4D4-4AF9-B2AB-2838B1167115}.Debug|Any CPU.ActiveCfg = Debug|Any CPU
		{F15748E6-C4D4-4AF9-B2AB-2838B1167115}.Debug|Any CPU.Build.0 = Debug|Any CPU
		{F15748E6-C4D4-4AF9-B2AB-2838B1167115}.Release|Any CPU.ActiveCfg = Release|Any CPU
		{F15748E6-C4D4-4AF9-B2AB-2838B1167115}.Release|Any CPU.Build.0 = Release|Any CPU
	EndGlobalSection
	GlobalSection(SolutionProperties) = preSolution
		HideSolutionNode = FALSE
	EndGlobalSection
	GlobalSection(ExtensibilityGlobals) = postSolution
		SolutionGuid = {BF9B10F5-8E3D-4825-82CD-E9D778943935}
	EndGlobalSection
EndGlobal
